
Microsoft Visual Studio Solution File, Format Version 12.00
# Visual Studio Version 16
VisualStudioVersion = 16.0.29009.5
MinimumVisualStudioVersion = 10.0.40219.1
Project("{2150E333-8FDC-42A3-9474-1A3956D46DE8}") = "domain", "domain", "{CACDED88-96AB-4923-8485-5C8A04F6EABB}"
EndProject
Project("{9A19103F-16F7-4668-BE54-9A1E7A4F7556}") = "domain.entities", "domain.entities\domain.entities.csproj", "{F1831133-6442-477B-92D3-81B04DAA7F28}"
EndProject
Project("{2150E333-8FDC-42A3-9474-1A3956D46DE8}") = "services", "services", "{A4500B67-D2AA-4278-ABED-0353337C63E6}"
EndProject
Project("{9A19103F-16F7-4668-BE54-9A1E7A4F7556}") = "services.interfaces", "services.interfaces\services.interfaces.csproj", "{CB41BD8F-019D-428F-86FE-5E2C4C4B7466}"
EndProject
Project("{2150E333-8FDC-42A3-9474-1A3956D46DE8}") = "infraestructure", "infraestructure", "{3792B70F-81EE-4349-ABFC-A7B00363CA81}"
EndProject
Project("{9A19103F-16F7-4668-BE54-9A1E7A4F7556}") = "infraestructure.data", "infraestructure.data\infraestructure.data.csproj", "{3B73E089-2654-4DBA-9B1C-4B827A73F57B}"
EndProject
Project("{9A19103F-16F7-4668-BE54-9A1E7A4F7556}") = "services.classes", "services.class\services.classes.csproj", "{1BB483A0-8C57-41E2-9EAB-5FED0BF4B862}"
EndProject
Project("{9A19103F-16F7-4668-BE54-9A1E7A4F7556}") = "infraestructure.interfaces", "infraestructure.interfaces\infraestructure.interfaces.csproj", "{D891DFB6-B470-408D-91D8-8C73F9657191}"
EndProject
Project("{FAE04EC0-301F-11D3-BF4B-00C04F79EFBC}") = "shopping_ui", "shopping_ui\shopping_ui.csproj", "{C0887CBE-ACC3-4E65-9EFD-3182D31540EB}"
EndProject
Global
	GlobalSection(SolutionConfigurationPlatforms) = preSolution
		Debug|Any CPU = Debug|Any CPU
		Release|Any CPU = Release|Any CPU
	EndGlobalSection
	GlobalSection(ProjectConfigurationPlatforms) = postSolution
		{F1831133-6442-477B-92D3-81B04DAA7F28}.Debug|Any CPU.ActiveCfg = Debug|Any CPU
		{F1831133-6442-477B-92D3-81B04DAA7F28}.Debug|Any CPU.Build.0 = Debug|Any CPU
		{F1831133-6442-477B-92D3-81B04DAA7F28}.Release|Any CPU.ActiveCfg = Release|Any CPU
		{F1831133-6442-477B-92D3-81B04DAA7F28}.Release|Any CPU.Build.0 = Release|Any CPU
		{CB41BD8F-019D-428F-86FE-5E2C4C4B7466}.Debug|Any CPU.ActiveCfg = Debug|Any CPU
		{CB41BD8F-019D-428F-86FE-5E2C4C4B7466}.Debug|Any CPU.Build.0 = Debug|Any CPU
		{CB41BD8F-019D-428F-86FE-5E2C4C4B7466}.Release|Any CPU.ActiveCfg = Release|Any CPU
		{CB41BD8F-019D-428F-86FE-5E2C4C4B7466}.Release|Any CPU.Build.0 = Release|Any CPU
		{3B73E089-2654-4DBA-9B1C-4B827A73F57B}.Debug|Any CPU.ActiveCfg = Debug|Any CPU
		{3B73E089-2654-4DBA-9B1C-4B827A73F57B}.Debug|Any CPU.Build.0 = Debug|Any CPU
		{3B73E089-2654-4DBA-9B1C-4B827A73F57B}.Release|Any CPU.ActiveCfg = Release|Any CPU
		{3B73E089-2654-4DBA-9B1C-4B827A73F57B}.Release|Any CPU.Build.0 = Release|Any CPU
		{1BB483A0-8C57-41E2-9EAB-5FED0BF4B862}.Debug|Any CPU.ActiveCfg = Debug|Any CPU
		{1BB483A0-8C57-41E2-9EAB-5FED0BF4B862}.Debug|Any CPU.Build.0 = Debug|Any CPU
		{1BB483A0-8C57-41E2-9EAB-5FED0BF4B862}.Release|Any CPU.ActiveCfg = Release|Any CPU
		{1BB483A0-8C57-41E2-9EAB-5FED0BF4B862}.Release|Any CPU.Build.0 = Release|Any CPU
		{D891DFB6-B470-408D-91D8-8C73F9657191}.Debug|Any CPU.ActiveCfg = Debug|Any CPU
		{D891DFB6-B470-408D-91D8-8C73F9657191}.Debug|Any CPU.Build.0 = Debug|Any CPU
		{D891DFB6-B470-408D-91D8-8C73F9657191}.Release|Any CPU.ActiveCfg = Release|Any CPU
		{D891DFB6-B470-408D-91D8-8C73F9657191}.Release|Any CPU.Build.0 = Release|Any CPU
		{C0887CBE-ACC3-4E65-9EFD-3182D31540EB}.Debug|Any CPU.ActiveCfg = Debug|Any CPU
		{C0887CBE-ACC3-4E65-9EFD-3182D31540EB}.Debug|Any CPU.Build.0 = Debug|Any CPU
		{C0887CBE-ACC3-4E65-9EFD-3182D31540EB}.Release|Any CPU.ActiveCfg = Release|Any CPU
		{C0887CBE-ACC3-4E65-9EFD-3182D31540EB}.Release|Any CPU.Build.0 = Release|Any CPU
	EndGlobalSection
	GlobalSection(SolutionProperties) = preSolution
		HideSolutionNode = FALSE
	EndGlobalSection
	GlobalSection(NestedProjects) = preSolution
		{F1831133-6442-477B-92D3-81B04DAA7F28} = {CACDED88-96AB-4923-8485-5C8A04F6EABB}
		{CB41BD8F-019D-428F-86FE-5E2C4C4B7466} = {A4500B67-D2AA-4278-ABED-0353337C63E6}
		{3B73E089-2654-4DBA-9B1C-4B827A73F57B} = {3792B70F-81EE-4349-ABFC-A7B00363CA81}
		{1BB483A0-8C57-41E2-9EAB-5FED0BF4B862} = {A4500B67-D2AA-4278-ABED-0353337C63E6}
		{D891DFB6-B470-408D-91D8-8C73F9657191} = {3792B70F-81EE-4349-ABFC-A7B00363CA81}
	EndGlobalSection
	GlobalSection(ExtensibilityGlobals) = postSolution
		SolutionGuid = {4E9D085B-78D5-40DB-94B8-3DFEB6DB5CC1}
	EndGlobalSection
EndGlobal
